{
  "name": "usemytslib-node",
  "version": "1.0.0",
  "lockfileVersion": 1,
  "requires": true,
  "dependencies": {
    "@pats2265/mytslib": {
      "version": "1.0.0",
      "resolved": "https://registry.npmjs.org/@pats2265/mytslib/-/mytslib-1.0.0.tgz",
      "integrity": "sha512-8oEiHGbFaZe5LfxxaEA7+VyYT9sduUXZAv0HjK4PzxAKMXWRWXoDt8flgVCNtOeiX0vvL+7usA7DkNMF3w6Ipw=="
    }
  }
}
